
Microsoft Visual Studio Solution File, Format Version 12.00
# Visual Studio Version 17
VisualStudioVersion = 17.14.36518.9 d17.14
MinimumVisualStudioVersion = 10.0.40219.1
Project("{FAE04EC0-301F-11D3-BF4B-00C04F79EFBC}") = "CloverLife", "CloverLife.csproj", "{CBAF2EE6-90DB-4039-9642-EFA7A9E1BED4}"
EndProject
Global
	GlobalSection(SolutionConfigurationPlatforms) = preSolution
		Debug|Any CPU = Debug|Any CPU
		Release|Any CPU = Release|Any CPU
	EndGlobalSection
	GlobalSection(ProjectConfigurationPlatforms) = postSolution
		{CBAF2EE6-90DB-4039-9642-EFA7A9E1BED4}.Debug|Any CPU.ActiveCfg = Debug|Any CPU
		{CBAF2EE6-90DB-4039-9642-EFA7A9E1BED4}.Debug|Any CPU.Build.0 = Debug|Any CPU
		{CBAF2EE6-90DB-4039-9642-EFA7A9E1BED4}.Release|Any CPU.ActiveCfg = Release|Any CPU
		{CBAF2EE6-90DB-4039-9642-EFA7A9E1BED4}.Release|Any CPU.Build.0 = Release|Any CPU
	EndGlobalSection
	GlobalSection(SolutionProperties) = preSolution
		HideSolutionNode = FALSE
	EndGlobalSection
	GlobalSection(ExtensibilityGlobals) = postSolution
		SolutionGuid = {D24F1EF4-653F-45E2-8907-408631DC19A0}
	EndGlobalSection
EndGlobal
